{
  "nodes": {
    "nixpkgs-unstable": {
      "locked": {
        "lastModified": 1684372530,
        "narHash": "sha256-8npWXg5rXwo9taA3zVcCatPC6RadGkAScIAcr4LuqOk=",
        "owner": "PhDyellow",
        "repo": "nixpkgs",
        "rev": "8d11c28ddc929fafc3b23c97cf6529b7268a588b",
        "type": "github"
      },
      "original": {
        "owner": "PhDyellow",
        "ref": "r-updates",
        "repo": "nixpkgs",
        "type": "github"
      }
    },
    "root": {
      "inputs": {
        "nixpkgs-unstable": "nixpkgs-unstable"
      }
    }
  },
  "root": "root",
  "version": 7
}
