{
  "nodes": {
    "nixpkgs-unstable": {
      "locked": {
        "lastModified": 1706600638,
        "narHash": "sha256-5+IrJSRI9mug7g8Zedr8Ehgp/EmxVoialmciwm/GTc8=",
        "owner": "PhDyellow",
        "repo": "nixpkgs",
        "rev": "391c140f93112f67016ae0e80d7a15d7b77af6ce",
        "type": "github"
      },
      "original": {
        "owner": "PhDyellow",
        "ref": "r-torch-master-12",
        "repo": "nixpkgs",
        "type": "github"
      }
    },
    "root": {
      "inputs": {
        "nixpkgs-unstable": "nixpkgs-unstable"
      }
    }
  },
  "root": "root",
  "version": 7
}
