{
  "nodes": {
    "nixpkgs-unstable": {
      "locked": {
        "lastModified": 1705566969,
        "narHash": "sha256-tb9BnRNrH9Q9buh/3tTmAQswsK+6Wxm7jRVgLZLrztc=",
        "owner": "PhDyellow",
        "repo": "nixpkgs",
        "rev": "ca71fb479689bf00cde05a6eaf9857095d531003",
        "type": "github"
      },
      "original": {
        "owner": "PhDyellow",
        "ref": "r-torch-master",
        "repo": "nixpkgs",
        "type": "github"
      }
    },
    "root": {
      "inputs": {
        "nixpkgs-unstable": "nixpkgs-unstable"
      }
    }
  },
  "root": "root",
  "version": 7
}
